<?xml version="1.0" encoding="utf-8"?>
<Project ToolsVersion="4.0" xmlns="http://schemas.microsoft.com/developer/msbuild/2003">
  <ItemGroup>
    <Filter Include="Source Files">
      <UniqueIdentifier>{4FC737F1-C7A5-4376-A066-2A32D752A2FF}</UniqueIdentifier>
      <Extensions>cpp;c;cc;cxx;def;odl;idl;hpj;bat;asm;asmx</Extensions>
    </Filter>
    <Filter Include="Header Files">
      <UniqueIdentifier>{93995380-89BD-4b04-88EB-625FBE52EBFB}</UniqueIdentifier>
      <Extensions>h;hh;hpp;hxx;hm;inl;inc;xsd</Extensions>
    </Filter>
    <Filter Include="Resource Files">
      <UniqueIdentifier>{67DA6AB6-F800-4c08-8B7A-83BB121AAD01}</UniqueIdentifier>
      <Extensions>rc;ico;cur;bmp;dlg;rc2;rct;bin;rgs;gif;jpg;jpeg;jpe;resx;tiff;tif;png;wav;mfcribbon-ms</Extensions>
    </Filter>
    <Filter Include="Source Files\disasm-lib">
      <UniqueIdentifier>{11eb4c9f-ff41-4d7b-8dbc-1bf163541d69}</UniqueIdentifier>
    </Filter>
    <Filter Include="Source Files\mhook-lib">
      <UniqueIdentifier>{ee8b88eb-e007-42e8-8587-bdc3c9aab5e9}</UniqueIdentifier>
    </Filter>
  </ItemGroup>
  <ItemGroup>
    <Text Include="ReadMe.txt" />
  </ItemGroup>
  <ItemGroup>
    <ClInclude Include="stdafx.h">
      <Filter>Header Files</Filter>
    </ClInclude>
    <ClInclude Include="targetver.h">
      <Filter>Header Files</Filter>
    </ClInclude>
    <ClInclude Include="ReadConf.h">
      <Filter>Header Files</Filter>
    </ClInclude>
    <ClInclude Include="HookByConf.h">
      <Filter>Header Files</Filter>
    </ClInclude>
    <ClInclude Include="StrTool.h">
      <Filter>Header Files</Filter>
    </ClInclude>
    <ClInclude Include="HookMyDll.h">
      <Filter>Header Files</Filter>
    </ClInclude>
    <ClInclude Include="..\..\open source\mhook-master\disasm-lib\cpu.h">
      <Filter>Source Files\disasm-lib</Filter>
    </ClInclude>
    <ClInclude Include="..\..\open source\mhook-master\disasm-lib\disasm.h">
      <Filter>Source Files\disasm-lib</Filter>
    </ClInclude>
    <ClInclude Include="..\..\open source\mhook-master\disasm-lib\disasm_x86.h">
      <Filter>Source Files\disasm-lib</Filter>
    </ClInclude>
    <ClInclude Include="..\..\open source\mhook-master\disasm-lib\disasm_x86_tables.h">
      <Filter>Source Files\disasm-lib</Filter>
    </ClInclude>
    <ClInclude Include="..\..\open source\mhook-master\disasm-lib\misc.h">
      <Filter>Source Files\disasm-lib</Filter>
    </ClInclude>
    <ClInclude Include="..\..\open source\mhook-master\mhook-lib\mhook.h">
      <Filter>Source Files\mhook-lib</Filter>
    </ClInclude>
    <ClInclude Include="HookKernel32.h">
      <Filter>Header Files</Filter>
    </ClInclude>
    <ClInclude Include="HookAdvapi32.h">
      <Filter>Header Files</Filter>
    </ClInclude>
    <ClInclude Include="HookNetapi32.h">
      <Filter>Header Files</Filter>
    </ClInclude>
    <ClInclude Include="HookUser32.h">
      <Filter>Header Files</Filter>
    </ClInclude>
    <ClInclude Include="resource.h">
      <Filter>Header Files</Filter>
    </ClInclude>
    <ClInclude Include="Client.h">
      <Filter>Header Files</Filter>
    </ClInclude>
  </ItemGroup>
  <ItemGroup>
    <ClCompile Include="stdafx.cpp">
      <Filter>Source Files</Filter>
    </ClCompile>
    <ClCompile Include="InjectDll.cpp">
      <Filter>Source Files</Filter>
    </ClCompile>
    <ClCompile Include="dllmain.cpp">
      <Filter>Source Files</Filter>
    </ClCompile>
    <ClCompile Include="ReadConf.cpp">
      <Filter>Source Files</Filter>
    </ClCompile>
    <ClCompile Include="HookUser32.cpp">
      <Filter>Source Files</Filter>
    </ClCompile>
    <ClCompile Include="HookByConf.cpp">
      <Filter>Source Files</Filter>
    </ClCompile>
    <ClCompile Include="HookKernel32.cpp">
      <Filter>Source Files</Filter>
    </ClCompile>
    <ClCompile Include="HookMyDll.cpp">
      <Filter>Source Files</Filter>
    </ClCompile>
    <ClCompile Include="StrTool.cpp">
      <Filter>Source Files</Filter>
    </ClCompile>
    <ClCompile Include="..\..\open source\mhook-master\disasm-lib\cpu.c">
      <Filter>Source Files\disasm-lib</Filter>
    </ClCompile>
    <ClCompile Include="..\..\open source\mhook-master\disasm-lib\disasm.c">
      <Filter>Source Files\disasm-lib</Filter>
    </ClCompile>
    <ClCompile Include="..\..\open source\mhook-master\disasm-lib\disasm_x86.c">
      <Filter>Source Files\disasm-lib</Filter>
    </ClCompile>
    <ClCompile Include="..\..\open source\mhook-master\disasm-lib\misc.c">
      <Filter>Source Files\disasm-lib</Filter>
    </ClCompile>
    <ClCompile Include="..\..\open source\mhook-master\mhook-lib\mhook.cpp">
      <Filter>Source Files\mhook-lib</Filter>
    </ClCompile>
    <ClCompile Include="HookAdvapi32.cpp">
      <Filter>Source Files</Filter>
    </ClCompile>
    <ClCompile Include="HookNetapi32.cpp">
      <Filter>Source Files</Filter>
    </ClCompile>
    <ClCompile Include="Client.cpp">
      <Filter>Source Files</Filter>
    </ClCompile>
  </ItemGroup>
  <ItemGroup>
    <None Include="Source.def">
      <Filter>Source Files</Filter>
    </None>
  </ItemGroup>
  <ItemGroup>
    <ResourceCompile Include="InjectDll.rc">
      <Filter>Resource Files</Filter>
    </ResourceCompile>
  </ItemGroup>
</Project>